
Microsoft Visual Studio Solution File, Format Version 12.00
# Visual Studio Version 16
VisualStudioVersion = 16.0.29709.97
MinimumVisualStudioVersion = 10.0.40219.1
Project("{9A19103F-16F7-4668-BE54-9A1E7A4F7556}") = "Bookshelf.Web", "Bookshelf.Web.csproj", "{3921B1DE-86AC-474D-900D-615CE1FC207A}"
EndProject
Project("{9A19103F-16F7-4668-BE54-9A1E7A4F7556}") = "Bookshelf.Infrastructure", "..\Bookshelf.Infrastructure\Bookshelf.Infrastructure.csproj", "{9C8D819D-C76B-4357-9FB1-A389CCAED683}"
EndProject
Project("{9A19103F-16F7-4668-BE54-9A1E7A4F7556}") = "Bookshelf.Core", "..\Bookshelf.Core\Bookshelf.Core.csproj", "{89057AEA-4695-4601-8BDC-2D97D12782F2}"
EndProject
Project("{2150E333-8FDC-42A3-9474-1A3956D46DE8}") = "Tests", "Tests", "{BF06A079-E6DA-4FC3-922E-040187E21001}"
EndProject
Global
	GlobalSection(SolutionConfigurationPlatforms) = preSolution
		Debug|Any CPU = Debug|Any CPU
		Release|Any CPU = Release|Any CPU
	EndGlobalSection
	GlobalSection(ProjectConfigurationPlatforms) = postSolution
		{3921B1DE-86AC-474D-900D-615CE1FC207A}.Debug|Any CPU.ActiveCfg = Debug|Any CPU
		{3921B1DE-86AC-474D-900D-615CE1FC207A}.Debug|Any CPU.Build.0 = Debug|Any CPU
		{3921B1DE-86AC-474D-900D-615CE1FC207A}.Release|Any CPU.ActiveCfg = Release|Any CPU
		{3921B1DE-86AC-474D-900D-615CE1FC207A}.Release|Any CPU.Build.0 = Release|Any CPU
		{9C8D819D-C76B-4357-9FB1-A389CCAED683}.Debug|Any CPU.ActiveCfg = Debug|Any CPU
		{9C8D819D-C76B-4357-9FB1-A389CCAED683}.Debug|Any CPU.Build.0 = Debug|Any CPU
		{9C8D819D-C76B-4357-9FB1-A389CCAED683}.Release|Any CPU.ActiveCfg = Release|Any CPU
		{9C8D819D-C76B-4357-9FB1-A389CCAED683}.Release|Any CPU.Build.0 = Release|Any CPU
		{89057AEA-4695-4601-8BDC-2D97D12782F2}.Debug|Any CPU.ActiveCfg = Debug|Any CPU
		{89057AEA-4695-4601-8BDC-2D97D12782F2}.Debug|Any CPU.Build.0 = Debug|Any CPU
		{89057AEA-4695-4601-8BDC-2D97D12782F2}.Release|Any CPU.ActiveCfg = Release|Any CPU
		{89057AEA-4695-4601-8BDC-2D97D12782F2}.Release|Any CPU.Build.0 = Release|Any CPU
	EndGlobalSection
	GlobalSection(SolutionProperties) = preSolution
		HideSolutionNode = FALSE
	EndGlobalSection
	GlobalSection(ExtensibilityGlobals) = postSolution
		SolutionGuid = {D416102A-3550-4C20-8209-7023EAA5AE6B}
	EndGlobalSection
EndGlobal
